{
  "name": "jotai-wrapper",
  "version": "1.0.0",
  "lockfileVersion": 3,
  "requires": true,
  "packages": {
    "": {
      "name": "jotai-wrapper",
      "version": "1.0.0",
      "license": "ISC",
      "dependencies": {
        "jotai": "^2.6.5"
      }
    },
    "node_modules/jotai": {
      "version": "2.6.5",
      "resolved": "https://registry.npmjs.org/jotai/-/jotai-2.6.5.tgz",
      "integrity": "sha512-T+yvY42GXKomvJYqs+NeTH0da9Z1tQ3Qk3zppPHIWnvmOBKpN6Qd4j8h/oo9dwxs3w/Z5r6Kk0I8h6z5orQ/HQ==",
      "engines": {
        "node": ">=12.20.0"
      },
      "peerDependencies": {
        "@types/react": ">=17.0.0",
        "react": ">=17.0.0"
      },
      "peerDependenciesMeta": {
        "@types/react": {
          "optional": true
        },
        "react": {
          "optional": true
        }
      }
    }
  }
}
